
Microsoft Visual Studio Solution File, Format Version 12.00
# Visual Studio Version 17
VisualStudioVersion = 17.5.33424.131
MinimumVisualStudioVersion = 10.0.40219.1
Project("{FAE04EC0-301F-11D3-BF4B-00C04F79EFBC}") = "Compilador_JustBati", "Compilador_JustBati\Compilador_JustBati.csproj", "{09D8234B-E17B-490B-A63A-8E5793B1A604}"
EndProject
Global
	GlobalSection(SolutionConfigurationPlatforms) = preSolution
		Debug|Any CPU = Debug|Any CPU
		Release|Any CPU = Release|Any CPU
	EndGlobalSection
	GlobalSection(ProjectConfigurationPlatforms) = postSolution
		{09D8234B-E17B-490B-A63A-8E5793B1A604}.Debug|Any CPU.ActiveCfg = Debug|Any CPU
		{09D8234B-E17B-490B-A63A-8E5793B1A604}.Debug|Any CPU.Build.0 = Debug|Any CPU
		{09D8234B-E17B-490B-A63A-8E5793B1A604}.Release|Any CPU.ActiveCfg = Release|Any CPU
		{09D8234B-E17B-490B-A63A-8E5793B1A604}.Release|Any CPU.Build.0 = Release|Any CPU
	EndGlobalSection
	GlobalSection(SolutionProperties) = preSolution
		HideSolutionNode = FALSE
	EndGlobalSection
	GlobalSection(ExtensibilityGlobals) = postSolution
		SolutionGuid = {6F2B07DB-E939-4D79-BBEF-0D93D9084D27}
	EndGlobalSection
EndGlobal
